
Microsoft Visual Studio Solution File, Format Version 12.00
# Visual Studio 14
VisualStudioVersion = 14.0.25420.1
MinimumVisualStudioVersion = 10.0.40219.1
Project("{FAE04EC0-301F-11D3-BF4B-00C04F79EFBC}") = "SharedLibs", "SharedLibs\SharedLibs.csproj", "{352EFA4B-2544-4CD0-9DEE-61B18EE2D126}"
EndProject
Project("{FAE04EC0-301F-11D3-BF4B-00C04F79EFBC}") = "TestsForLocalDebugging", "TestsForLocalDebugging\TestsForLocalDebugging.csproj", "{036CF75E-8F8B-40AB-A36F-674EC07E5DBF}"
EndProject
Project("{FAE04EC0-301F-11D3-BF4B-00C04F79EFBC}") = "WebApp", "WebApp\WebApp.csproj", "{6B800994-05AD-4895-8EF1-92FAFE64FC77}"
EndProject
Project("{FAE04EC0-301F-11D3-BF4B-00C04F79EFBC}") = "SyncService", "SyncService\SyncService.csproj", "{D5F14DB5-FC98-4DC7-903B-8116843CA63C}"
EndProject
Project("{FAE04EC0-301F-11D3-BF4B-00C04F79EFBC}") = "WebAppTests", "WebAppTests\WebAppTests.csproj", "{71DD6820-369A-4D75-932B-73157B7083EC}"
EndProject
Global
	GlobalSection(SolutionConfigurationPlatforms) = preSolution
		Debug|Any CPU = Debug|Any CPU
		Release|Any CPU = Release|Any CPU
	EndGlobalSection
	GlobalSection(ProjectConfigurationPlatforms) = postSolution
		{352EFA4B-2544-4CD0-9DEE-61B18EE2D126}.Debug|Any CPU.ActiveCfg = Debug|Any CPU
		{352EFA4B-2544-4CD0-9DEE-61B18EE2D126}.Debug|Any CPU.Build.0 = Debug|Any CPU
		{352EFA4B-2544-4CD0-9DEE-61B18EE2D126}.Release|Any CPU.ActiveCfg = Release|Any CPU
		{352EFA4B-2544-4CD0-9DEE-61B18EE2D126}.Release|Any CPU.Build.0 = Release|Any CPU
		{036CF75E-8F8B-40AB-A36F-674EC07E5DBF}.Debug|Any CPU.ActiveCfg = Debug|Any CPU
		{036CF75E-8F8B-40AB-A36F-674EC07E5DBF}.Debug|Any CPU.Build.0 = Debug|Any CPU
		{036CF75E-8F8B-40AB-A36F-674EC07E5DBF}.Release|Any CPU.ActiveCfg = Release|Any CPU
		{036CF75E-8F8B-40AB-A36F-674EC07E5DBF}.Release|Any CPU.Build.0 = Release|Any CPU
		{6B800994-05AD-4895-8EF1-92FAFE64FC77}.Debug|Any CPU.ActiveCfg = Debug|Any CPU
		{6B800994-05AD-4895-8EF1-92FAFE64FC77}.Debug|Any CPU.Build.0 = Debug|Any CPU
		{6B800994-05AD-4895-8EF1-92FAFE64FC77}.Release|Any CPU.ActiveCfg = Release|Any CPU
		{6B800994-05AD-4895-8EF1-92FAFE64FC77}.Release|Any CPU.Build.0 = Release|Any CPU
		{D5F14DB5-FC98-4DC7-903B-8116843CA63C}.Debug|Any CPU.ActiveCfg = Debug|Any CPU
		{D5F14DB5-FC98-4DC7-903B-8116843CA63C}.Debug|Any CPU.Build.0 = Debug|Any CPU
		{D5F14DB5-FC98-4DC7-903B-8116843CA63C}.Release|Any CPU.ActiveCfg = Release|Any CPU
		{D5F14DB5-FC98-4DC7-903B-8116843CA63C}.Release|Any CPU.Build.0 = Release|Any CPU
		{71DD6820-369A-4D75-932B-73157B7083EC}.Debug|Any CPU.ActiveCfg = Debug|Any CPU
		{71DD6820-369A-4D75-932B-73157B7083EC}.Debug|Any CPU.Build.0 = Debug|Any CPU
		{71DD6820-369A-4D75-932B-73157B7083EC}.Release|Any CPU.ActiveCfg = Release|Any CPU
		{71DD6820-369A-4D75-932B-73157B7083EC}.Release|Any CPU.Build.0 = Release|Any CPU
	EndGlobalSection
	GlobalSection(SolutionProperties) = preSolution
		HideSolutionNode = FALSE
	EndGlobalSection
EndGlobal
